[[package]]
category = "main"
description = "A library for parsing ISO 8601 strings."
name = "aniso8601"
optional = false
python-versions = "*"
version = "3.0.2"

[[package]]
category = "dev"
description = "A small Python module for determining appropriate platform-specific dirs, e.g. a \"user data dir\"."
name = "appdirs"
optional = false
python-versions = "*"
version = "1.4.3"

[[package]]
category = "dev"
description = "Disable App Nap on OS X 10.9"
marker = "sys_platform == \"darwin\""
name = "appnope"
optional = false
python-versions = "*"
version = "0.1.0"

[[package]]
category = "dev"
description = "Atomic file writes."
name = "atomicwrites"
optional = false
python-versions = ">=2.7, !=3.0.*, !=3.1.*, !=3.2.*, !=3.3.*"
version = "1.3.0"

[[package]]
category = "dev"
description = "Classes Without Boilerplate"
name = "attrs"
optional = false
python-versions = ">=2.7, !=3.0.*, !=3.1.*, !=3.2.*, !=3.3.*"
version = "19.1.0"

[[package]]
category = "dev"
description = "Specifications for callback functions passed in to an API"
name = "backcall"
optional = false
python-versions = "*"
version = "0.1.0"

[[package]]
category = "dev"
description = "The uncompromising code formatter."
name = "black"
optional = false
python-versions = ">=3.6"
version = "19.3b0"

[package.dependencies]
appdirs = "*"
attrs = ">=18.1.0"
click = ">=6.5"
toml = ">=0.9.4"

[[package]]
category = "main"
description = "A dot-accessible dictionary (a la JavaScript objects)"
name = "bunch"
optional = false
python-versions = "*"
version = "1.0.1"

[[package]]
category = "main"
description = "Python package for providing Mozilla's CA Bundle."
name = "certifi"
optional = false
python-versions = "*"
version = "2019.3.9"

[[package]]
category = "main"
description = "Universal encoding detector for Python 2 and 3"
name = "chardet"
optional = false
python-versions = "*"
version = "3.0.4"

[[package]]
category = "main"
description = "Composable command line interface toolkit"
name = "click"
optional = false
python-versions = ">=2.7, !=3.0.*, !=3.1.*, !=3.2.*, !=3.3.*"
version = "7.0"

[[package]]
category = "dev"
description = "Cross-platform colored terminal text."
marker = "sys_platform == \"win32\""
name = "colorama"
optional = false
python-versions = ">=2.7, !=3.0.*, !=3.1.*, !=3.2.*, !=3.3.*"
version = "0.4.1"

[[package]]
category = "dev"
description = "Better living through Python with decorators"
name = "decorator"
optional = false
python-versions = ">=2.6, !=3.0.*, !=3.1.*"
version = "4.4.0"

[[package]]
category = "main"
description = "A simple framework for building complex web applications."
name = "flask"
optional = false
python-versions = "*"
version = "1.0.2"

[package.dependencies]
Jinja2 = ">=2.10"
Werkzeug = ">=0.14"
click = ">=5.1"
itsdangerous = ">=0.24"

[[package]]
category = "main"
description = "Adds GraphQL support to your Flask application"
name = "flask-graphql"
optional = false
python-versions = "*"
version = "2.0.0"

[package.dependencies]
flask = ">=0.7.0"
graphql-core = ">=2.1"
graphql-server-core = ">=1.1"

[[package]]
category = "dev"
description = "Clean single-source support for Python 3 and 2"
name = "future"
optional = false
python-versions = ">=2.6, !=3.0.*, !=3.1.*, !=3.2.*"
version = "0.17.1"

[[package]]
category = "main"
description = "GraphQL Framework for Python"
name = "graphene"
optional = false
python-versions = "*"
version = "2.1.3"

[package.dependencies]
aniso8601 = ">=3,<4"
graphql-core = ">=2.1,<3"
graphql-relay = ">=0.4.5,<1"
promise = ">=2.1,<3"
six = ">=1.10.0,<2"

[[package]]
category = "main"
description = "GraphQL implementation for Python"
name = "graphql-core"
optional = false
python-versions = "*"
version = "2.1"

[package.dependencies]
promise = ">=2.1"
rx = ">=1.6.0"
six = ">=1.10.0"

[[package]]
category = "main"
description = "Relay implementation for Python"
name = "graphql-relay"
optional = false
python-versions = "*"
version = "0.4.5"

[package.dependencies]
graphql-core = ">=0.5.0"
promise = ">=0.4.0"
six = ">=1.10.0"

[[package]]
category = "main"
description = "GraphQL Server tools for powering your server"
name = "graphql-server-core"
optional = false
python-versions = "*"
version = "1.1.1"

[package.dependencies]
graphql-core = ">=2.1"
promise = "*"

[[package]]
category = "main"
description = "Internationalized Domain Names in Applications (IDNA)"
name = "idna"
optional = false
python-versions = ">=2.7, !=3.0.*, !=3.1.*, !=3.2.*, !=3.3.*"
version = "2.8"

[[package]]
category = "dev"
description = "IPython: Productive Interactive Computing"
name = "ipython"
optional = false
python-versions = ">=3.5"
version = "7.5.0"

[package.dependencies]
appnope = "*"
backcall = "*"
colorama = "*"
decorator = "*"
jedi = ">=0.10"
pexpect = "*"
pickleshare = "*"
prompt-toolkit = ">=2.0.0,<2.1.0"
pygments = "*"
setuptools = ">=18.5"
traitlets = ">=4.2"

[[package]]
category = "dev"
description = "Vestigial utilities from IPython"
name = "ipython-genutils"
optional = false
python-versions = "*"
version = "0.2.0"

[[package]]
category = "main"
description = "Various helpers to pass data to untrusted environments and back."
name = "itsdangerous"
optional = false
python-versions = ">=2.7, !=3.0.*, !=3.1.*, !=3.2.*, !=3.3.*"
version = "1.1.0"

[[package]]
category = "dev"
description = "An autocompletion tool for Python that can be used for text editors."
name = "jedi"
optional = false
python-versions = ">=2.7, !=3.0.*, !=3.1.*, !=3.2.*, !=3.3.*"
version = "0.13.3"

[package.dependencies]
parso = ">=0.3.0"

[[package]]
category = "main"
description = "A small but fast and easy to use stand-alone template engine written in pure python."
name = "jinja2"
optional = false
python-versions = "*"
version = "2.10.1"

[package.dependencies]
MarkupSafe = ">=0.23"

[[package]]
category = "main"
description = "Safely add untrusted strings to HTML/XML markup."
name = "markupsafe"
optional = false
python-versions = ">=2.7,!=3.0.*,!=3.1.*,!=3.2.*,!=3.3.*"
version = "1.1.1"

[[package]]
category = "dev"
description = "More routines for operating on iterables, beyond itertools"
marker = "python_version > \"2.7\""
name = "more-itertools"
optional = false
python-versions = ">=3.4"
version = "7.0.0"

[[package]]
category = "dev"
description = "Core utilities for Python packages"
name = "packaging"
optional = false
python-versions = ">=2.7, !=3.0.*, !=3.1.*, !=3.2.*, !=3.3.*"
version = "19.0"

[package.dependencies]
pyparsing = ">=2.0.2"
six = "*"

[[package]]
category = "dev"
description = "A Python Parser"
name = "parso"
optional = false
python-versions = "*"
version = "0.4.0"

[[package]]
category = "dev"
description = "Pexpect allows easy control of interactive console applications."
marker = "sys_platform != \"win32\""
name = "pexpect"
optional = false
python-versions = "*"
version = "4.7.0"

[package.dependencies]
ptyprocess = ">=0.5"

[[package]]
category = "dev"
description = "Tiny 'shelve'-like database with concurrency support"
name = "pickleshare"
optional = false
python-versions = "*"
version = "0.7.5"

[[package]]
category = "dev"
description = "plugin and hook calling mechanisms for python"
name = "pluggy"
optional = false
python-versions = ">=2.7, !=3.0.*, !=3.1.*, !=3.2.*, !=3.3.*"
version = "0.11.0"

[[package]]
category = "main"
description = "Promises/A+ implementation for Python"
name = "promise"
optional = false
python-versions = "*"
version = "2.2.1"

[package.dependencies]
six = "*"

[[package]]
category = "dev"
description = "Library for building powerful interactive command lines in Python"
name = "prompt-toolkit"
optional = false
python-versions = "*"
version = "2.0.9"

[package.dependencies]
six = ">=1.9.0"
wcwidth = "*"

[[package]]
category = "dev"
description = "Run a subprocess in a pseudo terminal"
marker = "sys_platform != \"win32\""
name = "ptyprocess"
optional = false
python-versions = "*"
version = "0.6.0"

[[package]]
category = "dev"
description = "library with cross-python path, ini-parsing, io, code, log facilities"
name = "py"
optional = false
python-versions = ">=2.7, !=3.0.*, !=3.1.*, !=3.2.*, !=3.3.*"
version = "1.8.0"

[[package]]
category = "dev"
description = "Pygments is a syntax highlighting package written in Python."
name = "pygments"
optional = false
python-versions = ">=2.7, !=3.0.*, !=3.1.*, !=3.2.*, !=3.3.*, !=3.4.*"
version = "2.4.0"

[[package]]
category = "dev"
description = "Black plugin for the Python Language Server"
name = "pyls-black"
optional = false
python-versions = "*"
version = "0.4.4"

[package.dependencies]
black = ">=19.3b0"
python-language-server = "*"
toml = "*"

[[package]]
category = "dev"
description = "Python parsing module"
name = "pyparsing"
optional = false
python-versions = ">=2.6, !=3.0.*, !=3.1.*, !=3.2.*"
version = "2.4.0"

[[package]]
category = "dev"
description = "pytest: simple powerful testing with Python"
name = "pytest"
optional = false
python-versions = ">=2.7, !=3.0.*, !=3.1.*, !=3.2.*, !=3.3.*"
version = "4.4.1"

[package.dependencies]
atomicwrites = ">=1.0"
attrs = ">=17.4.0"
colorama = "*"
pluggy = ">=0.9"
py = ">=1.5.0"
setuptools = "*"
six = ">=1.10.0"

[package.dependencies.more-itertools]
python = ">=2.8"
version = ">=4.0.0"

[[package]]
category = "dev"
description = "A pytest plugin to enable format checking with black"
name = "pytest-black"
optional = false
python-versions = ">=3.6"
version = "0.3.5"

[package.dependencies]
black = "19.3b0"
pytest = ">=3.5.0"

[[package]]
category = "dev"
description = "A py.test plugin that parses environment files before running tests"
name = "pytest-dotenv"
optional = false
python-versions = "*"
version = "0.4.0"

[package.dependencies]
pytest = ">=2.6.0"
python-dotenv = ">=0.9.1"

[[package]]
category = "dev"
description = "pytest-sugar is a plugin for pytest that changes the default look and feel of pytest (e.g. progressbar, show tests that fail instantly)."
name = "pytest-sugar"
optional = false
python-versions = "*"
version = "0.9.2"

[package.dependencies]
packaging = ">=14.1"
pytest = ">=2.9"
termcolor = ">=1.1.0"

[[package]]
category = "dev"
description = "Add .env support to your django/flask apps in development and deployments"
name = "python-dotenv"
optional = false
python-versions = "*"
version = "0.10.1"

[[package]]
category = "dev"
description = "JSON RPC 2.0 server library"
name = "python-jsonrpc-server"
optional = false
python-versions = "*"
version = "0.1.2"

[package.dependencies]
future = ">=0.14.0"

[[package]]
category = "dev"
description = "Python Language Server for the Language Server Protocol"
name = "python-language-server"
optional = false
python-versions = "*"
version = "0.26.1"

[package.dependencies]
future = ">=0.14.0"
jedi = ">=0.13.2"
pluggy = "*"
python-jsonrpc-server = ">=0.1.0"

[[package]]
category = "main"
description = "Python HTTP for Humans."
name = "requests"
optional = false
python-versions = ">=2.7, !=3.0.*, !=3.1.*, !=3.2.*, !=3.3.*"
version = "2.21.0"

[package.dependencies]
certifi = ">=2017.4.17"
chardet = ">=3.0.2,<3.1.0"
idna = ">=2.5,<2.9"
urllib3 = ">=1.21.1,<1.25"

[[package]]
category = "main"
description = "Reactive Extensions (Rx) for Python"
name = "rx"
optional = false
python-versions = "*"
version = "1.6.1"

[[package]]
category = "main"
description = "Python 2 and 3 compatibility utilities"
name = "six"
optional = false
python-versions = ">=2.6, !=3.0.*, !=3.1.*"
version = "1.12.0"

[[package]]
category = "dev"
description = "ANSII Color formatting for output in terminal."
name = "termcolor"
optional = false
python-versions = "*"
version = "1.1.0"

[[package]]
category = "dev"
description = "Python Library for Tom's Obvious, Minimal Language"
name = "toml"
optional = false
python-versions = "*"
version = "0.10.0"

[[package]]
category = "dev"
description = "Traitlets Python config system"
name = "traitlets"
optional = false
python-versions = "*"
version = "4.3.2"

[package.dependencies]
decorator = "*"
ipython-genutils = "*"
six = "*"

[[package]]
category = "main"
description = "HTTP library with thread-safe connection pooling, file post, and more."
name = "urllib3"
optional = false
python-versions = ">=2.7, !=3.0.*, !=3.1.*, !=3.2.*, !=3.3.*, <4"
version = "1.24.3"

[[package]]
category = "dev"
description = "Measures number of Terminal column cells of wide-character codes"
name = "wcwidth"
optional = false
python-versions = "*"
version = "0.1.7"

[[package]]
category = "main"
description = "The comprehensive WSGI web application library."
name = "werkzeug"
optional = false
python-versions = ">=2.7, !=3.0.*, !=3.1.*, !=3.2.*, !=3.3.*"
version = "0.15.2"

[metadata]
content-hash = "d41461968b11ba429f5e9042657177334bde545dfb3adcde6a9d0c9dfd9dd292"
python-versions = "^3.7"

[metadata.hashes]
aniso8601 = ["7849749cf00ae0680ad2bdfe4419c7a662bef19c03691a19e008c8b9a5267802", "94f90871fcd314a458a3d4eca1c84448efbd200e86f55fe4c733c7a40149ef50"]
appdirs = ["9e5896d1372858f8dd3344faf4e5014d21849c756c8d5701f78f8a103b372d92", "d8b24664561d0d34ddfaec54636d502d7cea6e29c3eaf68f3df6180863e2166e"]
appnope = ["5b26757dc6f79a3b7dc9fab95359328d5747fcb2409d331ea66d0272b90ab2a0", "8b995ffe925347a2138d7ac0fe77155e4311a0ea6d6da4f5128fe4b3cbe5ed71"]
atomicwrites = ["03472c30eb2c5d1ba9227e4c2ca66ab8287fbfbbda3888aa93dc2e28fc6811b4", "75a9445bac02d8d058d5e1fe689654ba5a6556a1dfd8ce6ec55a0ed79866cfa6"]
attrs = ["69c0dbf2ed392de1cb5ec704444b08a5ef81680a61cb899dc08127123af36a79", "f0b870f674851ecbfbbbd364d6b5cbdff9dcedbc7f3f5e18a6891057f21fe399"]
backcall = ["38ecd85be2c1e78f77fd91700c76e14667dc21e2713b63876c0eb901196e01e4", "bbbf4b1e5cd2bdb08f915895b51081c041bac22394fdfcfdfbe9f14b77c08bf2"]
black = ["09a9dcb7c46ed496a9850b76e4e825d6049ecd38b611f1224857a79bd985a8cf", "68950ffd4d9169716bcb8719a56c07a2f4485354fec061cdd5910aa07369731c"]
bunch = ["3c554816ba260634b55c1edf8de6467d8122dbd18ec20f323e181869bc48ac93", "50c77a0fc0cb372dfe48b5e11937d5f70e743adbf42683f3a6d2857645a76aaa"]
certifi = ["59b7658e26ca9c7339e00f8f4636cdfe59d34fa37b9b04f6f9e9926b3cece1a5", "b26104d6835d1f5e49452a26eb2ff87fe7090b89dfcaee5ea2212697e1e1d7ae"]
chardet = ["84ab92ed1c4d4f16916e05906b6b75a6c0fb5db821cc65e70cbd64a3e2a5eaae", "fc323ffcaeaed0e0a02bf4d117757b98aed530d9ed4531e3e15460124c106691"]
click = ["2335065e6395b9e67ca716de5f7526736bfa6ceead690adf616d925bdc622b13", "5b94b49521f6456670fdb30cd82a4eca9412788a93fa6dd6df72c94d5a8ff2d7"]
colorama = ["05eed71e2e327246ad6b38c540c4a3117230b19679b875190486ddd2d721422d", "f8ac84de7840f5b9c4e3347b3c1eaa50f7e49c2b07596221daec5edaabbd7c48"]
decorator = ["86156361c50488b84a3f148056ea716ca587df2f0de1d34750d35c21312725de", "f069f3a01830ca754ba5258fde2278454a0b5b79e0d7f5c13b3b97e57d4acff6"]
flask = ["2271c0070dbcb5275fad4a82e29f23ab92682dc45f9dfbc22c02ba9b9322ce48", "a080b744b7e345ccfcbc77954861cb05b3c63786e93f2b3875e0913d44b43f05"]
flask-graphql = ["b4e23dfd767f7028835208db0bfa7145f59467225882e6d4f560d15c09f32de8"]
future = ["67045236dcfd6816dc439556d009594abf643e5eb48992e36beac09c2ca659b8"]
graphene = ["b8ec446d17fa68721636eaad3d6adc1a378cb6323e219814c8f98c9928fc9642", "faa26573b598b22ffd274e2fd7a4c52efa405dcca96e01a62239482246248aa3"]
graphql-core = ["889e869be5574d02af77baf1f30b5db9ca2959f1c9f5be7b2863ead5a3ec6181", "9462e22e32c7f03b667373ec0a84d95fba10e8ce2ead08f29fbddc63b671b0c1"]
graphql-relay = ["2716b7245d97091af21abf096fabafac576905096d21ba7118fba722596f65db"]
graphql-server-core = ["e5f82add4b3d5580aa1f1e7d9f00e944ad3abe1b65eb337e611d6a77cc20f231"]
idna = ["c357b3f628cf53ae2c4c05627ecc484553142ca23264e593d327bcde5e9c3407", "ea8b7f6188e6fa117537c3df7da9fc686d485087abf6ac197f9c46432f7e4a3c"]
ipython = ["54c5a8aa1eadd269ac210b96923688ccf01ebb2d0f21c18c3c717909583579a8", "e840810029224b56cd0d9e7719dc3b39cf84d577f8ac686547c8ba7a06eeab26"]
ipython-genutils = ["72dd37233799e619666c9f639a9da83c34013a73e8bbc79a7a6348d93c61fab8", "eb2e116e75ecef9d4d228fdc66af54269afa26ab4463042e33785b887c628ba8"]
itsdangerous = ["321b033d07f2a4136d3ec762eac9f16a10ccd60f53c0c91af90217ace7ba1f19", "b12271b2047cb23eeb98c8b5622e2e5c5e9abd9784a153e9d8ef9cb4dd09d749"]
jedi = ["2bb0603e3506f708e792c7f4ad8fc2a7a9d9c2d292a358fbbd58da531695595b", "2c6bcd9545c7d6440951b12b44d373479bf18123a401a52025cf98563fbd826c"]
jinja2 = ["065c4f02ebe7f7cf559e49ee5a95fb800a9e4528727aec6f24402a5374c65013", "14dd6caf1527abb21f08f86c784eac40853ba93edb79552aa1e4b8aef1b61c7b"]
markupsafe = ["00bc623926325b26bb9605ae9eae8a215691f33cae5df11ca5424f06f2d1f473", "09027a7803a62ca78792ad89403b1b7a73a01c8cb65909cd876f7fcebd79b161", "09c4b7f37d6c648cb13f9230d847adf22f8171b1ccc4d5682398e77f40309235", "1027c282dad077d0bae18be6794e6b6b8c91d58ed8a8d89a89d59693b9131db5", "24982cc2533820871eba85ba648cd53d8623687ff11cbb805be4ff7b4c971aff", "29872e92839765e546828bb7754a68c418d927cd064fd4708fab9fe9c8bb116b", "43a55c2930bbc139570ac2452adf3d70cdbb3cfe5912c71cdce1c2c6bbd9c5d1", "46c99d2de99945ec5cb54f23c8cd5689f6d7177305ebff350a58ce5f8de1669e", "500d4957e52ddc3351cabf489e79c91c17f6e0899158447047588650b5e69183", "535f6fc4d397c1563d08b88e485c3496cf5784e927af890fb3c3aac7f933ec66", "62fe6c95e3ec8a7fad637b7f3d372c15ec1caa01ab47926cfdf7a75b40e0eac1", "6dd73240d2af64df90aa7c4e7481e23825ea70af4b4922f8ede5b9e35f78a3b1", "717ba8fe3ae9cc0006d7c451f0bb265ee07739daf76355d06366154ee68d221e", "79855e1c5b8da654cf486b830bd42c06e8780cea587384cf6545b7d9ac013a0b", "7c1699dfe0cf8ff607dbdcc1e9b9af1755371f92a68f706051cc8c37d447c905", "88e5fcfb52ee7b911e8bb6d6aa2fd21fbecc674eadd44118a9cc3863f938e735", "8defac2f2ccd6805ebf65f5eeb132adcf2ab57aa11fdf4c0dd5169a004710e7d", "98c7086708b163d425c67c7a91bad6e466bb99d797aa64f965e9d25c12111a5e", "9add70b36c5666a2ed02b43b335fe19002ee5235efd4b8a89bfcf9005bebac0d", "9bf40443012702a1d2070043cb6291650a0841ece432556f784f004937f0f32c", "ade5e387d2ad0d7ebf59146cc00c8044acbd863725f887353a10df825fc8ae21", "b00c1de48212e4cc9603895652c5c410df699856a2853135b3967591e4beebc2", "b1282f8c00509d99fef04d8ba936b156d419be841854fe901d8ae224c59f0be5", "b2051432115498d3562c084a49bba65d97cf251f5a331c64a12ee7e04dacc51b", "ba59edeaa2fc6114428f1637ffff42da1e311e29382d81b339c1817d37ec93c6", "c8716a48d94b06bb3b2524c2b77e055fb313aeb4ea620c8dd03a105574ba704f", "cd5df75523866410809ca100dc9681e301e3c27567cf498077e8551b6d20e42f", "e249096428b3ae81b08327a63a485ad0878de3fb939049038579ac0ef61e17e7"]
more-itertools = ["2112d2ca570bb7c3e53ea1a35cd5df42bb0fd10c45f0fb97178679c3c03d64c7", "c3e4748ba1aad8dba30a4886b0b1a2004f9a863837b8654e7059eebf727afa5a"]
packaging = ["0c98a5d0be38ed775798ece1b9727178c4469d9c3b4ada66e8e6b7849f8732af", "9e1cbf8c12b1f1ce0bb5344b8d7ecf66a6f8a6e91bcb0c84593ed6d3ab5c4ab3"]
parso = ["17cc2d7a945eb42c3569d4564cdf49bde221bc2b552af3eca9c1aad517dcdd33", "2e9574cb12e7112a87253e14e2c380ce312060269d04bd018478a3c92ea9a376"]
pexpect = ["2094eefdfcf37a1fdbfb9aa090862c1a4878e5c7e0e7e7088bdb511c558e5cd1", "9e2c1fd0e6ee3a49b28f95d4b33bc389c89b20af6a1255906e90ff1262ce62eb"]
pickleshare = ["87683d47965c1da65cdacaf31c8441d12b8044cdec9aca500cd78fc2c683afca", "9649af414d74d4df115d5d718f82acb59c9d418196b7b4290ed47a12ce62df56"]
pluggy = ["25a1bc1d148c9a640211872b4ff859878d422bccb59c9965e04eed468a0aa180", "964cedd2b27c492fbf0b7f58b3284a09cf7f99b0f715941fb24a439b3af1bd1a"]
promise = ["2ebbfc10b7abf6354403ed785fe4f04b9dfd421eb1a474ac8d187022228332af", "348f5f6c3edd4fd47c9cd65aed03ac1b31136d375aa63871a57d3e444c85655c"]
prompt-toolkit = ["11adf3389a996a6d45cc277580d0d53e8a5afd281d0c9ec71b28e6f121463780", "2519ad1d8038fd5fc8e770362237ad0364d16a7650fb5724af6997ed5515e3c1", "977c6583ae813a37dc1c2e1b715892461fcbdaa57f6fc62f33a528c4886c8f55"]
ptyprocess = ["923f299cc5ad920c68f2bc0bc98b75b9f838b93b599941a6b63ddbc2476394c0", "d7cc528d76e76342423ca640335bd3633420dc1366f258cb31d05e865ef5ca1f"]
py = ["64f65755aee5b381cea27766a3a147c3f15b9b6b9ac88676de66ba2ae36793fa", "dc639b046a6e2cff5bbe40194ad65936d6ba360b52b3c3fe1d08a82dd50b5e53"]
pygments = ["31cba6ffb739f099a85e243eff8cb717089fdd3c7300767d9fc34cb8e1b065f5", "5ad302949b3c98dd73f8d9fcdc7e9cb592f120e32a18e23efd7f3dc51194472b"]
pyls-black = ["ba6364e92acfad97fb9b68928f90f5b266932e1da44ab0652606e4e91a5f4587", "d63149f53be4e1fbc6e7a99bb321cf58ae3cb46b8711c13c4f45c2081b8467da"]
pyparsing = ["1873c03321fc118f4e9746baf201ff990ceb915f433f23b395f5580d1840cb2a", "9b6323ef4ab914af344ba97510e966d64ba91055d6b9afa6b30799340e89cc03"]
pytest = ["3773f4c235918987d51daf1db66d51c99fac654c81d6f2f709a046ab446d5e5d", "b7802283b70ca24d7119b32915efa7c409982f59913c1a6c0640aacf118b95f5"]
pytest-black = ["6849e2cfa9a659377c52e0e698e8d0f8a79ff603cb1c930ad86b512357edba4f"]
pytest-dotenv = ["12ff70de238cdc2c8d838ef92b720325ceb6ae2c9967be5f4e606a36de48345c", "a3a0adf9e17cf7c9e38ec597a74cc902ac76baa1cc5a9bd7581a3711930ad057"]
pytest-sugar = ["26cf8289fe10880cbbc130bd77398c4e6a8b936d8393b116a5c16121d95ab283", "fcd87a74b2bce5386d244b49ad60549bfbc4602527797fac167da147983f58ab"]
python-dotenv = ["a84569d0e00d178bc5b957f7ff208bf49287cbf61857c31c258c4a91f571527b", "c9b1ddd3cdbe75c7d462cb84674d87130f4b948f090f02c7d7144779afb99ae0"]
python-jsonrpc-server = ["09b418e3b1ba9032aecc7aefdd185511dd230fb8dacf18ec195d14dfd89d9e54"]
python-language-server = ["1a746a4031938df03ee546fa4760895b6a6e420a07d58161b064945add6449ef"]
requests = ["502a824f31acdacb3a35b6690b5fbf0bc41d63a24a45c4004352b0242707598e", "7bf2a778576d825600030a110f3c0e3e8edc51dfaafe1c146e39a2027784957b"]
rx = ["13a1d8d9e252625c173dc795471e614eadfe1cf40ffc684e08b8fff0d9748c23", "7357592bc7e881a95e0c2013b73326f704953301ab551fbc8133a6fadab84105"]
six = ["3350809f0555b11f552448330d0b52d5f24c91a322ea4a15ef22629740f3761c", "d16a0141ec1a18405cd4ce8b4613101da75da0e9a7aec5bdd4fa804d0e0eba73"]
termcolor = ["1d6d69ce66211143803fbc56652b41d73b4a400a2891d7bf7a1cdf4c02de613b"]
toml = ["229f81c57791a41d65e399fc06bf0848bab550a9dfd5ed66df18ce5f05e73d5c", "235682dd292d5899d361a811df37e04a8828a5b1da3115886b73cf81ebc9100e", "f1db651f9657708513243e61e6cc67d101a39bad662eaa9b5546f789338e07a3"]
traitlets = ["9c4bd2d267b7153df9152698efb1050a5d84982d3384a37b2c1f7723ba3e7835", "c6cb5e6f57c5a9bdaa40fa71ce7b4af30298fbab9ece9815b5d995ab6217c7d9"]
urllib3 = ["2393a695cd12afedd0dcb26fe5d50d0cf248e5a66f75dbd89a3d4eb333a61af4", "a637e5fae88995b256e3409dc4d52c2e2e0ba32c42a6365fee8bbd2238de3cfb"]
wcwidth = ["3df37372226d6e63e1b1e1eda15c594bca98a22d33a23832a90998faa96bc65e", "f4ebe71925af7b40a864553f761ed559b43544f8f71746c2d756c7fe788ade7c"]
werkzeug = ["0a73e8bb2ff2feecfc5d56e6f458f5b99290ef34f565ffb2665801ff7de6af7a", "7fad9770a8778f9576693f0cc29c7dcc36964df916b83734f4431c0e612a7fbc"]
